
Microsoft Visual Studio Solution File, Format Version 12.00
# Visual Studio 15
VisualStudioVersion = 15.0.27703.2047
MinimumVisualStudioVersion = 10.0.40219.1
Project("{FAE04EC0-301F-11D3-BF4B-00C04F79EFBC}") = "Ejercicio00", "Ejercicio00\Ejercicio00.csproj", "{FD9600AF-8466-45FD-B685-FFEA4BC4F1A1}"
EndProject
Global
	GlobalSection(SolutionConfigurationPlatforms) = preSolution
		Debug|Any CPU = Debug|Any CPU
		Release|Any CPU = Release|Any CPU
	EndGlobalSection
	GlobalSection(ProjectConfigurationPlatforms) = postSolution
		{FD9600AF-8466-45FD-B685-FFEA4BC4F1A1}.Debug|Any CPU.ActiveCfg = Debug|Any CPU
		{FD9600AF-8466-45FD-B685-FFEA4BC4F1A1}.Debug|Any CPU.Build.0 = Debug|Any CPU
		{FD9600AF-8466-45FD-B685-FFEA4BC4F1A1}.Release|Any CPU.ActiveCfg = Release|Any CPU
		{FD9600AF-8466-45FD-B685-FFEA4BC4F1A1}.Release|Any CPU.Build.0 = Release|Any CPU
	EndGlobalSection
	GlobalSection(SolutionProperties) = preSolution
		HideSolutionNode = FALSE
	EndGlobalSection
	GlobalSection(ExtensibilityGlobals) = postSolution
		SolutionGuid = {A49D0F4F-E79B-4E62-B7BC-410459B48997}
	EndGlobalSection
EndGlobal
