
Microsoft Visual Studio Solution File, Format Version 12.00
# Visual Studio 15
VisualStudioVersion = 15.0.27703.2047
MinimumVisualStudioVersion = 10.0.40219.1
Project("{FAE04EC0-301F-11D3-BF4B-00C04F79EFBC}") = "Entidades", "Entidades\Entidades.csproj", "{3E7E27FB-0652-44B5-986E-D35D3716D41F}"
EndProject
Project("{FAE04EC0-301F-11D3-BF4B-00C04F79EFBC}") = "Test", "Test\Test.csproj", "{9BF7756B-981B-413A-93B1-CFD9770B61C9}"
EndProject
Global
	GlobalSection(SolutionConfigurationPlatforms) = preSolution
		Debug|Any CPU = Debug|Any CPU
		Release|Any CPU = Release|Any CPU
	EndGlobalSection
	GlobalSection(ProjectConfigurationPlatforms) = postSolution
		{3E7E27FB-0652-44B5-986E-D35D3716D41F}.Debug|Any CPU.ActiveCfg = Debug|Any CPU
		{3E7E27FB-0652-44B5-986E-D35D3716D41F}.Debug|Any CPU.Build.0 = Debug|Any CPU
		{3E7E27FB-0652-44B5-986E-D35D3716D41F}.Release|Any CPU.ActiveCfg = Release|Any CPU
		{3E7E27FB-0652-44B5-986E-D35D3716D41F}.Release|Any CPU.Build.0 = Release|Any CPU
		{9BF7756B-981B-413A-93B1-CFD9770B61C9}.Debug|Any CPU.ActiveCfg = Debug|Any CPU
		{9BF7756B-981B-413A-93B1-CFD9770B61C9}.Debug|Any CPU.Build.0 = Debug|Any CPU
		{9BF7756B-981B-413A-93B1-CFD9770B61C9}.Release|Any CPU.ActiveCfg = Release|Any CPU
		{9BF7756B-981B-413A-93B1-CFD9770B61C9}.Release|Any CPU.Build.0 = Release|Any CPU
	EndGlobalSection
	GlobalSection(SolutionProperties) = preSolution
		HideSolutionNode = FALSE
	EndGlobalSection
	GlobalSection(ExtensibilityGlobals) = postSolution
		SolutionGuid = {D8A6A6D5-1406-4FF1-AEEF-A02CD21EF8FB}
	EndGlobalSection
EndGlobal
